github.com/aead/siphash v1.0.1 h1:FwHfE/T45KPKYuuSAKyyvE+oPWcaQ+CUmFW0bPlM+kg=
github.com/aead/siphash v1.0.1/go.mod h1:Nywa3cDsYNNK3gaciGTWPwHt0wlpNV15vwmswBAUSII=
github.com/btcsuite/btcd/address/v2 v2.0.0 h1:UVu8Hal6Siu4XastFe+JX5JkeBYONbDUIY5E+SVTs6I=
github.com/btcsuite/btcd/address/v2 v2.0.0/go.mod h1:htJK1AtaeK3bKNfZY63ep2oN8LbrI6qvmPGe1vekb3I=
github.com/btcsuite/btcd/chainhash/v2 v2.0.0 h1:PMLlSloHJuEeB80XG9EjpXWNEKAZAMLl6YHZ6YsEuoA=
github.com/btcsuite/btcd/chainhash/v2 v2.0.0/go.mod h1:mKxcZ7oGTXE7IRV+sS9hP4EVBwc/SzfNR+52IsOP9j8=
github.com/btcsuite/btclog v1.0.0 h1:sEkpKJMmfGiyZjADwEIgB1NSwMyfdD1FB8v6+w1T0Ns=
github.com/btcsuite/btclog v1.0.0/go.mod h1:w7xnGOhwT3lmrS4H3b/D1XAXxvh+tbhUm8xeHN2y3TQ=
github.com/davecgh/go-spew v1.1.1 h1:vj9j/u1bqnvCEfJOwUhtlOARqs3+rkHYY13jYWTU97c=
github.com/davecgh/go-spew v1.1.1/go.mod h1:J7Y8YcW2NihsgmVo/mv3lAwl/skON4iLHjSsI+c5H38=
github.com/decred/dcrd/crypto/blake256 v1.1.0 h1:zPMNGQCm0g4QTY27fOCorQW7EryeQ/U0x++OzVrdms8=
github.com/decred/dcrd/crypto/blake256 v1.1.0/go.mod h1:2OfgNZ5wDpcsFmHmCK5gZTPcCXqlm2ArzUIkw9czNJo=
github.com/decred/dcrd/dcrec/secp256k1/v4 v4.4.0 h1:NMZiJj8QnKe1LgsbDayM4UoHwbvwDRwnI3hwNaAHRnc=
github.com/decred/dcrd/dcrec/secp256k1/v4 v4.4.0/go.mod h1:ZXNYxsqcloTdSy/rNShjYzMhyjf0LaoftYK0p+A3h40=
github.com/guggero/btcd/bip322 v0.0.0-20260922112046-ac562f0f6296 h1:69kcuRjsNgu5kQ1L2HHnzyCS2Cepf73fhKm4JDPqvaQ=
github.com/guggero/btcd/bip322 v0.0.0-20260922112046-ac562f0f6296/go.mod h1:IVjBR17H3O5M7F/XzXz9fxPy97pykwE6ensVzzgV8PA=
github.com/guggero/btcd/btcec/v2 v2.0.0-20260922112046-ac562f0f6296 h1:7uwzquVqoqwYbGZ5m+JDToUvCOeGetn2eT4oM0n3vss=
github.com/guggero/btcd/btcec/v2 v2.0.0-20260922112046-ac562f0f6296/go.mod h1:x9kOWY3sR2kpeXliGOjn77fbswy3Qw/ZDABs8jmwCI4=
github.com/guggero/btcd/btcutil/v2 v2.0.0-20260922112046-ac562f0f6296 h1:DjbVHaB3xtcJ+EhmU7AaXDnliGfo3/w8Lou61IeC5F8=
github.com/guggero/btcd/btcutil/v2 v2.0.0-20260922112046-ac562f0f6296/go.mod h1:QMt0CqvXErBAJ1/tFriklCjREp66LbRwkZrE19D4dBA=
github.com/guggero/btcd/chaincfg/v2 v2.0.0-20260922112046-ac562f0f6296 h1:OhmprYMAknvpqJIE0OVLcYkGsupZgasViJqRMXcKp1c=
github.com/guggero/btcd/chaincfg/v2 v2.0.0-20260922112046-ac562f0f6296/go.mod h1:BAsP+kDYViWtOZkbojCBLkvwH1UC62RM3wplad3IEsM=
github.com/guggero/btcd/descriptors v0.0.0-20260922112046-ac562f0f6296 h1:DjZ9Nnoh/fJyxMVIILGo53hxvjAayuMoZMjPJi8gXVc=
github.com/guggero/btcd/descriptors v0.0.0-20260922112046-ac562f0f6296/go.mod h1:PLxGDrFwjQdrr1U2wf5bcQgGw3PrxT3KxF8UA0Casy0=
github.com/guggero/btcd/psbt/v2 v2.0.0-20260922112046-ac562f0f6296 h1:G+vjELJ0HNR1qzaQOaNEqByuRO0OKHwO7QtgNDNQAf0=
github.com/guggero/btcd/psbt/v2 v2.0.0-20260922112046-ac562f0f6296/go.mod h1:iOq0ewCy7lQmlHAEzi0nE97RgStCXW/gg+peO5oMlD8=
github.com/guggero/btcd/silentpayments v0.0.0-20260922112046-ac562f0f6296 h1:2O6oFuuGP9Xx1U4Xh7IZl8GX4Tp6iqHCPgLdTO4yVSE=
github.com/guggero/btcd/silentpayments v0.0.0-20260922112046-ac562f0f6296/go.mod h1:4YHjdlrs+Ydqu2U7le96nuezuv3TeVbzEegNPzgZA9M=
github.com/guggero/btcd/txscript/v2 v2.0.0-20260922112046-ac562f0f6296 h1:UhdnOz0boW3QbSJiq7c6rSmYhw4npWCm8bJmW4JRZz0=
github.com/guggero/btcd/txscript/v2 v2.0.0-20260922112046-ac562f0f6296/go.mod h1:Q30ltpfH/3PVz3lpq8v9GosWUJEOgyAN43UExHYlXxs=
github.com/guggero/btcd/wire/v2 v2.0.0-20260922112046-ac562f0f6296 h1:NCU/QgCA33dVW1sy2M1W0gNNXbkPFJWWLDSbqP+4naI=
github.com/guggero/btcd/wire/v2 v2.0.0-20260922112046-ac562f0f6296/go.mod h1:ENBpJL0JYUNlqvajhIFTOcWGNNumjCynDk4PL0OG58I=
github.com/kcalvinalvin/anet v0.0.0-20251112173137-d8ddc1f6dbee h1:FPP9HDkBbPyniu+u7FHZg+kKFX1WW0gxOGteJ0h3AJk=
github.com/kcalvinalvin/anet v0.0.0-20251112173137-d8ddc1f6dbee/go.mod h1:N6sz6HwJAenJ6d+/xmSl0ikfV05ZrVGmjt1ryy/WOtE=
github.com/kkdai/bstream v1.0.0 h1:Se5gHwgp2VT2uHfDrkbbgbgEvV9cimLELwrPJctSjg8=
github.com/kkdai/bstream v1.0.0/go.mod h1:FDnDOHt5Yx4p3FaHcioFT0QjDOtgUpvjeZqAs+NVZZA=
github.com/pmezard/go-difflib v1.0.0 h1:4DBwDE0NGyQoBHbLQYPwSUPoCMWR5BEzIk/f1lZbAQM=
github.com/pmezard/go-difflib v1.0.0/go.mod h1:iKH77koFhYxTK1pcRnkKkqfTogsbg7gZNVY4sRDYZ/4=
github.com/stretchr/testify v1.11.1 h1:7s2iGBzp5EwR7/aIZr8ao5+dra3wiQyKjjFuvgVKu7U=
github.com/stretchr/testify v1.11.1/go.mod h1:wZwfW3scLgRK+23gO65QZefKpKQRnfz6sD981Nm4B6U=
golang.org/x/crypto v0.51.0 h1:IBPXwPfKxY7cWQZ38ZCIRPI50YLeevDLlLnyC5wRGTI=
golang.org/x/crypto v0.51.0/go.mod h1:8AdwkbraGNABw2kOX6YFPs3WM22XqI4EXEd8g+x7Oc8=
golang.org/x/sys v0.44.0 h1:ildZl3J4uzeKP07r2F++Op7E9B29JRUy+a27EibtBTQ=
golang.org/x/sys v0.44.0/go.mod h1:4GL1E5IUh+htKOUEOaiffhrAeqysfVGipDYzABqnCmw=
gopkg.in/yaml.v3 v3.0.1 h1:fxVm/GzAzEWqLHuvctI91KS9hhNmmWOoWu0XTYJS7CA=
gopkg.in/yaml.v3 v3.0.1/go.mod h1:K4uyk7z7BCEPqu6E+C64Yfv1cQ7kz7rIZviUmN+EgEM=
